{
  "name": "qambi",
  "version": "1.0.0-beta35",
  "lockfileVersion": 1,
  "requires": true,
  "dependencies": {
    "jazz-midi": {
      "version": "1.6.0",
      "resolved": "https://registry.npmjs.org/jazz-midi/-/jazz-midi-1.6.0.tgz",
      "integrity": "sha512-SeEZeKeOyYl4wOKObgmzwFTJ2T2Xf9cyLVJ94LHo24WmOVDuQSwxPuA07/YbeJNSxHBFlndLuxSNVlZqax6yFQ=="
    },
    "web-midi-api-shim": {
      "version": "1.4.17",
      "resolved": "https://registry.npmjs.org/web-midi-api-shim/-/web-midi-api-shim-1.4.17.tgz",
      "integrity": "sha512-q6oLMeDRu6nYq6cfHjkcoRW+4uxhwHopKwQjbzcAAVrYsyaRZecz2X3TqzaHgNvb9bqzpu1bAEcQ7p98havWEg==",
      "requires": {
        "jazz-midi": "1.6.0"
      }
    }
  }
}
